version = 1
revision = 3
requires-python = ">=3.14"

[[package]]
name = "click"
version = "8.3.1"
source = { registry = "https://pypi.org/simple" }
dependencies = [
    { name = "colorama", marker = "sys_platform == 'win32'" },
]
sdist = { url = "https://files.pythonhosted.org/packages/3d/fa/656b739db8587d7b5dfa22e22ed02566950fbfbcdc20311993483657a5c0/click-8.3.1.tar.gz", hash = "sha256:12ff4785d337a1bb490bb7e9c2b1ee5da3112e94a8622f26a6c77f5d2fc6842a", size = 295065, upload-time = "2025-11-15T20:45:42.706Z" }
wheels = [
    { url = "https://files.pythonhosted.org/packages/98/78/01c019cdb5d6498122777c1a43056ebb3ebfeef2076d9d026bfe15583b2b/click-8.3.1-py3-none-any.whl", hash = "sha256:981153a64e25f12d547d3426c367a4857371575ee7ad18df2a6183ab0545b2a6", size = 108274, upload-time = "2025-11-15T20:45:41.139Z" },
]

[[package]]
name = "colorama"
version = "0.4.6"
source = { registry = "https://pypi.org/simple" }
sdist = { url = "https://files.pythonhosted.org/packages/d8/53/6f443c9a4a8358a93a6792e2acffb9d9d5cb0a5cfd8802644b7b1c9a02e4/colorama-0.4.6.tar.gz", hash = "sha256:08695f5cb7ed6e0531a20572697297273c47b8cae5a63ffc6d6ed5c201be6e44", size = 27697, upload-time = "2022-10-25T02:36:22.414Z" }
wheels = [
    { url = "https://files.pythonhosted.org/packages/d1/d6/3965ed04c63042e047cb6a3e6ed1a63a35087b6a609aa3a15ed8ac56c221/colorama-0.4.6-py2.py3-none-any.whl", hash = "sha256:4f1d9991f5acc0ca119f9d443620b77f9d6b33703e51011c16baf57afb285fc6", size = 25335, upload-time = "2022-10-25T02:36:20.889Z" },
]

[[package]]
name = "cytoolz"
version = "1.1.0"
source = { registry = "https://pypi.org/simple" }
dependencies = [
    { name = "toolz" },
]
sdist = { url = "https://files.pythonhosted.org/packages/bd/d4/16916f3dc20a3f5455b63c35dcb260b3716f59ce27a93586804e70e431d5/cytoolz-1.1.0.tar.gz", hash = "sha256:13a7bf254c3c0d28b12e2290b82aed0f0977a4c2a2bf84854fcdc7796a29f3b0", size = 642510, upload-time = "2025-10-19T00:44:56.174Z" }
wheels = [
    { url = "https://files.pythonhosted.org/packages/b7/e8/297a85ba700f437c01eba962428e6ab4572f6c3e68e8ff442ce5c9d3a496/cytoolz-1.1.0-cp314-cp314-ios_13_0_arm64_iphoneos.whl", hash = "sha256:d542cee7c7882d2a914a33dec4d3600416fb336734df979473249d4c53d207a1", size = 980613, upload-time = "2025-10-19T00:42:47.988Z" },
    { url = "https://files.pythonhosted.org/packages/e8/d7/2b02c9d18e9cc263a0e22690f78080809f1eafe72f26b29ccc115d3bf5c8/cytoolz-1.1.0-cp314-cp314-ios_13_0_arm64_iphonesimulator.whl", hash = "sha256:31922849b701b0f24bb62e56eb2488dcd3aa6ae3057694bd6b3b7c4c2bc27c2f", size = 990476, upload-time = "2025-10-19T00:42:49.653Z" },
    { url = "https://files.pythonhosted.org/packages/89/26/b6b159d2929310fca0eff8a4989cd4b1ecbdf7c46fdff46c7a20fcae55c8/cytoolz-1.1.0-cp314-cp314-ios_13_0_x86_64_iphonesimulator.whl", hash = "sha256:e68308d32afd31943314735c1335e4ab5696110e96b405f6bdb8f2a8dc771a16", size = 992712, upload-time = "2025-10-19T00:42:51.306Z" },
    { url = "https://files.pythonhosted.org/packages/42/a0/f7c572aa151ed466b0fce4a327c3cc916d3ef3c82e341be59ea4b9bee9e4/cytoolz-1.1.0-cp314-cp314-macosx_10_15_universal2.whl", hash = "sha256:fc4bb48b3b866e1867f7c6411a4229e5b44be3989060663713e10efc24c9bd5f", size = 1322596, upload-time = "2025-10-19T00:42:52.978Z" },
    { url = "https://files.pythonhosted.org/packages/72/7c/a55d035e20b77b6725e85c8f1a418b3a4c23967288b8b0c2d1a40f158cbe/cytoolz-1.1.0-cp314-cp314-macosx_10_15_x86_64.whl", hash = "sha256:456f77207d1445025d7ef262b8370a05492dcb1490cb428b0f3bf1bd744a89b0", size = 992825, upload-time = "2025-10-19T00:42:55.026Z" },
    { url = "https://files.pythonhosted.org/packages/03/af/39d2d3db322136e12e9336a1f13bab51eab88b386bfb11f91d3faff8ba34/cytoolz-1.1.0-cp314-cp314-macosx_11_0_arm64.whl", hash = "sha256:174ebc71ebb20a9baeffce6ee07ee2cd913754325c93f99d767380d8317930f7", size = 990525, upload-time = "2025-10-19T00:42:56.666Z" },
    { url = "https://files.pythonhosted.org/packages/a6/bd/65d7a869d307f9b10ad45c2c1cbb40b81a8d0ed1138fa17fd904f5c83298/cytoolz-1.1.0-cp314-cp314-manylinux1_i686.manylinux_2_28_i686.manylinux_2_5_i686.whl", hash = "sha256:8b3604fef602bcd53415055a4f68468339192fd17be39e687ae24f476d23d56e", size = 2672409, upload-time = "2025-10-19T00:42:58.81Z" },
    { url = "https://files.pythonhosted.org/packages/2d/fb/74dfd844bfd67e810bd36e8e3903a143035447245828e7fcd7c81351d775/cytoolz-1.1.0-cp314-cp314-manylinux2014_aarch64.manylinux_2_17_aarch64.manylinux_2_28_aarch64.whl", hash = "sha256:3604b959a01f64c366e7d10ec7634d5f5cfe10301e27a8f090f6eb3b2a628a18", size = 2808477, upload-time = "2025-10-19T00:43:00.577Z" },
    { url = "https://files.pythonhosted.org/packages/d6/1f/587686c43e31c19241ec317da66438d093523921ea7749bbc65558a30df9/cytoolz-1.1.0-cp314-cp314-manylinux2014_armv7l.manylinux_2_17_armv7l.manylinux_2_31_armv7l.whl", hash = "sha256:6db2127a3c1bc2f59f08010d2ae53a760771a9de2f67423ad8d400e9ba4276e8", size = 2636881, upload-time = "2025-10-19T00:43:02.24Z" },
    { url = "https://files.pythonhosted.org/packages/bc/6d/90468cd34f77cb38a11af52c4dc6199efcc97a486395a21bef72e9b7602e/cytoolz-1.1.0-cp314-cp314-manylinux2014_ppc64le.manylinux_2_17_ppc64le.manylinux_2_28_ppc64le.whl", hash = "sha256:56584745ac647993a016a21bc76399113b7595e312f8d0a1b140c9fcf9b58a27", size = 2937315, upload-time = "2025-10-19T00:43:03.954Z" },
    { url = "https://files.pythonhosted.org/packages/d9/50/7b92cd78c613b92e3509e6291d3fb7e0d72ebda999a8df806a96c40ca9ab/cytoolz-1.1.0-cp314-cp314-manylinux2014_s390x.manylinux_2_17_s390x.manylinux_2_28_s390x.whl", hash = "sha256:db2c4c3a7f7bd7e03bb1a236a125c8feb86c75802f4ecda6ecfaf946610b2930", size = 2959988, upload-time = "2025-10-19T00:43:05.758Z" },
    { url = "https://files.pythonhosted.org/packages/44/d5/34b5a28a8d9bb329f984b4c2259407ca3f501d1abeb01bacea07937d85d1/cytoolz-1.1.0-cp314-cp314-manylinux2014_x86_64.manylinux_2_17_x86_64.manylinux_2_28_x86_64.whl", hash = "sha256:48cb8a692111a285d2b9acd16d185428176bfbffa8a7c274308525fccd01dd42", size = 2795116, upload-time = "2025-10-19T00:43:07.411Z" },
    { url = "https://files.pythonhosted.org/packages/f5/d9/5dd829e33273ec03bdc3c812e6c3281987ae2c5c91645582f6c331544a64/cytoolz-1.1.0-cp314-cp314-manylinux_2_31_riscv64.manylinux_2_39_riscv64.whl", hash = "sha256:d2f344ba5eb17dcf38ee37fdde726f69053f54927db8f8a1bed6ac61e5b1890d", size = 2535390, upload-time = "2025-10-19T00:43:09.104Z" },
    { url = "https://files.pythonhosted.org/packages/87/1f/7f9c58068a8eec2183110df051bc6b69dd621143f84473eeb6dc1b32905a/cytoolz-1.1.0-cp314-cp314-musllinux_1_2_aarch64.whl", hash = "sha256:abf76b1c1abd031f098f293b6d90ee08bdaa45f8b5678430e331d991b82684b1", size = 2704834, upload-time = "2025-10-19T00:43:10.942Z" },
    { url = "https://files.pythonhosted.org/packages/d2/90/667def5665333575d01a65fe3ec0ca31b897895f6e3bc1a42d6ea3659369/cytoolz-1.1.0-cp314-cp314-musllinux_1_2_armv7l.whl", hash = "sha256:ddf9a38a5b686091265ff45b53d142e44a538cd6c2e70610d3bc6be094219032", size = 2658441, upload-time = "2025-10-19T00:43:12.655Z" },
    { url = "https://files.pythonhosted.org/packages/23/79/6615f9a14960bd29ac98b823777b6589357833f65cf1a11b5abc1587c120/cytoolz-1.1.0-cp314-cp314-musllinux_1_2_i686.whl", hash = "sha256:946786755274f07bb2be0400f28adb31d7d85a7c7001873c0a8e24a503428fb3", size = 2654766, upload-time = "2025-10-19T00:43:14.325Z" },
    { url = "https://files.pythonhosted.org/packages/b0/99/be59c6e0ae02153ef10ae1ff0f380fb19d973c651b50cf829a731f6c9e79/cytoolz-1.1.0-cp314-cp314-musllinux_1_2_ppc64le.whl", hash = "sha256:d5b8f78b9fed79cf185ad4ddec099abeef45951bdcb416c5835ba05f0a1242c7", size = 2827649, upload-time = "2025-10-19T00:43:16.132Z" },
    { url = "https://files.pythonhosted.org/packages/19/b7/854ddcf9f9618844108677c20d48f4611b5c636956adea0f0e85e027608f/cytoolz-1.1.0-cp314-cp314-musllinux_1_2_riscv64.whl", hash = "sha256:fccde6efefdbc02e676ccb352a2ccc8a8e929f59a1c6d3d60bb78e923a49ca44", size = 2533456, upload-time = "2025-10-19T00:43:17.764Z" },
    { url = "https://files.pythonhosted.org/packages/45/66/bfe6fbb2bdcf03c8377c8c2f542576e15f3340c905a09d78a6cb3badd39a/cytoolz-1.1.0-cp314-cp314-musllinux_1_2_s390x.whl", hash = "sha256:717b7775313da5f51b0fbf50d865aa9c39cb241bd4cb605df3cf2246d6567397", size = 2826455, upload-time = "2025-10-19T00:43:19.561Z" },
    { url = "https://files.pythonhosted.org/packages/c3/0c/cce4047bd927e95f59e73319c02c9bc86bd3d76392e0eb9e41a1147a479c/cytoolz-1.1.0-cp314-cp314-musllinux_1_2_x86_64.whl", hash = "sha256:5158744a09d0e0e4a4f82225e3a3c4ebf38f9ae74467aaa905467270e52f2794", size = 2714897, upload-time = "2025-10-19T00:43:21.291Z" },
    { url = "https://files.pythonhosted.org/packages/ac/9a/061323bb289b565802bad14fb7ab59fcd8713105df142bcf4dd9ff64f8ac/cytoolz-1.1.0-cp314-cp314-win32.whl", hash = "sha256:1ed534bdbbf063b2bb28fca7d0f6723a3e5a72b086e7c7fe6d74ae8c3e4d00e2", size = 901490, upload-time = "2025-10-19T00:43:22.895Z" },
    { url = "https://files.pythonhosted.org/packages/a3/20/1f3a733d710d2a25d6f10b463bef55ada52fe6392a5d233c8d770191f48a/cytoolz-1.1.0-cp314-cp314-win_amd64.whl", hash = "sha256:472c1c9a085f5ad973ec0ad7f0b9ba0969faea6f96c9e397f6293d386f3a25ec", size = 946730, upload-time = "2025-10-19T00:43:24.838Z" },
    { url = "https://files.pythonhosted.org/packages/f2/22/2d657db4a5d1c10a152061800f812caba9ef20d7bd2406f51a5fd800c180/cytoolz-1.1.0-cp314-cp314-win_arm64.whl", hash = "sha256:a7ad7ca3386fa86bd301be3fa36e7f0acb024f412f665937955acfc8eb42deff", size = 905722, upload-time = "2025-10-19T00:43:26.439Z" },
    { url = "https://files.pythonhosted.org/packages/19/97/b4a8c76796a9a8b9bc90c7992840fa1589a1af8e0426562dea4ce9b384a7/cytoolz-1.1.0-cp314-cp314t-macosx_10_15_universal2.whl", hash = "sha256:64b63ed4b71b1ba813300ad0f06b8aff19a12cf51116e0e4f1ed837cea4debcf", size = 1372606, upload-time = "2025-10-19T00:43:28.491Z" },
    { url = "https://files.pythonhosted.org/packages/08/d4/a1bb1a32b454a2d650db8374ff3bf875ba0fc1c36e6446ec02a83b9140a1/cytoolz-1.1.0-cp314-cp314t-macosx_10_15_x86_64.whl", hash = "sha256:a60ba6f2ed9eb0003a737e1ee1e9fa2258e749da6477946008d4324efa25149f", size = 1012189, upload-time = "2025-10-19T00:43:30.177Z" },
    { url = "https://files.pythonhosted.org/packages/21/4b/2f5cbbd81588918ee7dd70cffb66731608f578a9b72166aafa991071af7d/cytoolz-1.1.0-cp314-cp314t-macosx_11_0_arm64.whl", hash = "sha256:1aa58e2434d732241f7f051e6f17657e969a89971025e24578b5cbc6f1346485", size = 1020624, upload-time = "2025-10-19T00:43:31.712Z" },
    { url = "https://files.pythonhosted.org/packages/f5/99/c4954dd86cd593cd776a038b36795a259b8b5c12cbab6363edf5f6d9c909/cytoolz-1.1.0-cp314-cp314t-manylinux1_i686.manylinux_2_28_i686.manylinux_2_5_i686.whl", hash = "sha256:6965af3fc7214645970e312deb9bd35a213a1eaabcfef4f39115e60bf2f76867", size = 2917016, upload-time = "2025-10-19T00:43:33.531Z" },
    { url = "https://files.pythonhosted.org/packages/b2/7c/f1f70a17e272b433232bc8a27df97e46b202d6cc07e3b0d63f7f41ba0f2d/cytoolz-1.1.0-cp314-cp314t-manylinux2014_aarch64.manylinux_2_17_aarch64.manylinux_2_28_aarch64.whl", hash = "sha256:ddd2863f321d67527d3b67a93000a378ad6f967056f68c06467fe011278a6d0e", size = 3107634, upload-time = "2025-10-19T00:43:35.57Z" },
    { url = "https://files.pythonhosted.org/packages/8f/bd/c3226a57474b4aef1f90040510cba30d0decd3515fed48dc229b37c2f898/cytoolz-1.1.0-cp314-cp314t-manylinux2014_armv7l.manylinux_2_17_armv7l.manylinux_2_31_armv7l.whl", hash = "sha256:4e6b428e9eb5126053c2ae0efa62512ff4b38ed3951f4d0888ca7005d63e56f5", size = 2806221, upload-time = "2025-10-19T00:43:37.707Z" },
    { url = "https://files.pythonhosted.org/packages/c3/47/2f7bfe4aaa1e07dc9828bea228ed744faf73b26aee0c1bdf3b5520bf1909/cytoolz-1.1.0-cp314-cp314t-manylinux2014_ppc64le.manylinux_2_17_ppc64le.manylinux_2_28_ppc64le.whl", hash = "sha256:d758e5ef311d2671e0ae8c214c52e44617cf1e58bef8f022b547b9802a5a7f30", size = 3107671, upload-time = "2025-10-19T00:43:39.401Z" },
    { url = "https://files.pythonhosted.org/packages/4d/12/6ff3b04fbd1369d0fcd5f8b5910ba6e427e33bf113754c4c35ec3f747924/cytoolz-1.1.0-cp314-cp314t-manylinux2014_s390x.manylinux_2_17_s390x.manylinux_2_28_s390x.whl", hash = "sha256:a95416eca473e6c1179b48d86adcf528b59c63ce78f4cb9934f2e413afa9b56b", size = 3176350, upload-time = "2025-10-19T00:43:41.148Z" },
    { url = "https://files.pythonhosted.org/packages/e6/8c/6691d986b728e77b5d2872743ebcd962d37a2d0f7e9ad95a81b284fbf905/cytoolz-1.1.0-cp314-cp314t-manylinux2014_x86_64.manylinux_2_17_x86_64.manylinux_2_28_x86_64.whl", hash = "sha256:36c8ede93525cf11e2cc787b7156e5cecd7340193ef800b816a16f1404a8dc6d", size = 3001173, upload-time = "2025-10-19T00:43:42.923Z" },
    { url = "https://files.pythonhosted.org/packages/7a/cb/f59d83a5058e1198db5a1f04e4a124c94d60390e4fa89b6d2e38ee8288a0/cytoolz-1.1.0-cp314-cp314t-manylinux_2_31_riscv64.manylinux_2_39_riscv64.whl", hash = "sha256:c0c949755b6d8a649c5fbc888bc30915926f1b09fe42fea9f289e297c2f6ddd3", size = 2701374, upload-time = "2025-10-19T00:43:44.716Z" },
    { url = "https://files.pythonhosted.org/packages/b7/f0/1ae6d28df503b0bdae094879da2072b8ba13db5919cd3798918761578411/cytoolz-1.1.0-cp314-cp314t-musllinux_1_2_aarch64.whl", hash = "sha256:e1b6d37545816905a76d9ed59fa4e332f929e879f062a39ea0f6f620405cdc27", size = 2953081, upload-time = "2025-10-19T00:43:47.103Z" },
    { url = "https://files.pythonhosted.org/packages/f4/06/d86fe811c6222dc32d3e08f5d88d2be598a6055b4d0590e7c1428d55c386/cytoolz-1.1.0-cp314-cp314t-musllinux_1_2_armv7l.whl", hash = "sha256:05332112d4087904842b36954cd1d3fc0e463a2f4a7ef9477bd241427c593c3b", size = 2862228, upload-time = "2025-10-19T00:43:49.353Z" },
    { url = "https://files.pythonhosted.org/packages/ae/32/978ef6f42623be44a0a03ae9de875ab54aa26c7e38c5c4cd505460b0927d/cytoolz-1.1.0-cp314-cp314t-musllinux_1_2_i686.whl", hash = "sha256:31538ca2fad2d688cbd962ccc3f1da847329e2258a52940f10a2ac0719e526be", size = 2861971, upload-time = "2025-10-19T00:43:51.028Z" },
    { url = "https://files.pythonhosted.org/packages/ee/f7/74c69497e756b752b359925d1feef68b91df024a4124a823740f675dacd3/cytoolz-1.1.0-cp314-cp314t-musllinux_1_2_ppc64le.whl", hash = "sha256:747562aa70abf219ea16f07d50ac0157db856d447f7f498f592e097cbc77df0b", size = 2975304, upload-time = "2025-10-19T00:43:52.99Z" },
    { url = "https://files.pythonhosted.org/packages/5b/2b/3ce0e6889a6491f3418ad4d84ae407b8456b02169a5a1f87990dbba7433b/cytoolz-1.1.0-cp314-cp314t-musllinux_1_2_riscv64.whl", hash = "sha256:3dc15c48b20c0f467e15e341e102896c8422dccf8efc6322def5c1b02f074629", size = 2697371, upload-time = "2025-10-19T00:43:55.312Z" },
    { url = "https://files.pythonhosted.org/packages/15/87/c616577f0891d97860643c845f7221e95240aa589586de727e28a5eb6e52/cytoolz-1.1.0-cp314-cp314t-musllinux_1_2_s390x.whl", hash = "sha256:3c03137ee6103ba92d5d6ad6a510e86fded69cd67050bd8a1843f15283be17ac", size = 2992436, upload-time = "2025-10-19T00:43:57.253Z" },
    { url = "https://files.pythonhosted.org/packages/e7/9f/490c81bffb3428ab1fa114051fbb5ba18aaa2e2fe4da5bf4170ca524e6b3/cytoolz-1.1.0-cp314-cp314t-musllinux_1_2_x86_64.whl", hash = "sha256:be8e298d88f88bd172b59912240558be3b7a04959375646e7fd4996401452941", size = 2917612, upload-time = "2025-10-19T00:43:59.423Z" },
    { url = "https://files.pythonhosted.org/packages/66/35/0fec2769660ca6472bbf3317ab634675827bb706d193e3240aaf20eab961/cytoolz-1.1.0-cp314-cp314t-win32.whl", hash = "sha256:3d407140f5604a89578285d4aac7b18b8eafa055cf776e781aabb89c48738fad", size = 960842, upload-time = "2025-10-19T00:44:01.143Z" },
    { url = "https://files.pythonhosted.org/packages/46/b4/b7ce3d3cd20337becfec978ecfa6d0ef64884d0cf32d44edfed8700914b9/cytoolz-1.1.0-cp314-cp314t-win_amd64.whl", hash = "sha256:56e5afb69eb6e1b3ffc34716ee5f92ffbdb5cb003b3a5ca4d4b0fe700e217162", size = 1020835, upload-time = "2025-10-19T00:44:03.246Z" },
    { url = "https://files.pythonhosted.org/packages/2c/1f/0498009aa563a9c5d04f520aadc6e1c0942434d089d0b2f51ea986470f55/cytoolz-1.1.0-cp314-cp314t-win_arm64.whl", hash = "sha256:27b19b4a286b3ff52040efa42dbe403730aebe5fdfd2def704eb285e2125c63e", size = 927963, upload-time = "2025-10-19T00:44:04.85Z" },
]

[[package]]
name = "markdown-it-py"
version = "4.0.0"
source = { registry = "https://pypi.org/simple" }
dependencies = [
    { name = "mdurl" },
]
sdist = { url = "https://files.pythonhosted.org/packages/5b/f5/4ec618ed16cc4f8fb3b701563655a69816155e79e24a17b651541804721d/markdown_it_py-4.0.0.tar.gz", hash = "sha256:cb0a2b4aa34f932c007117b194e945bd74e0ec24133ceb5bac59009cda1cb9f3", size = 73070, upload-time = "2025-08-11T12:57:52.854Z" }
wheels = [
    { url = "https://files.pythonhosted.org/packages/94/54/e7d793b573f298e1c9013b8c4dade17d481164aa517d1d7148619c2cedbf/markdown_it_py-4.0.0-py3-none-any.whl", hash = "sha256:87327c59b172c5011896038353a81343b6754500a08cd7a4973bb48c6d578147", size = 87321, upload-time = "2025-08-11T12:57:51.923Z" },
]

[[package]]
name = "mdurl"
version = "0.1.2"
source = { registry = "https://pypi.org/simple" }
sdist = { url = "https://files.pythonhosted.org/packages/d6/54/cfe61301667036ec958cb99bd3efefba235e65cdeb9c84d24a8293ba1d90/mdurl-0.1.2.tar.gz", hash = "sha256:bb413d29f5eea38f31dd4754dd7377d4465116fb207585f97bf925588687c1ba", size = 8729, upload-time = "2022-08-14T12:40:10.846Z" }
wheels = [
    { url = "https://files.pythonhosted.org/packages/b3/38/89ba8ad64ae25be8de66a6d463314cf1eb366222074cfda9ee839c56a4b4/mdurl-0.1.2-py3-none-any.whl", hash = "sha256:84008a41e51615a49fc9966191ff91509e3c40b939176e643fd50a5c2196b8f8", size = 9979, upload-time = "2022-08-14T12:40:09.779Z" },
]

[[package]]
name = "more-itertools"
version = "10.8.0"
source = { registry = "https://pypi.org/simple" }
sdist = { url = "https://files.pythonhosted.org/packages/ea/5d/38b681d3fce7a266dd9ab73c66959406d565b3e85f21d5e66e1181d93721/more_itertools-10.8.0.tar.gz", hash = "sha256:f638ddf8a1a0d134181275fb5d58b086ead7c6a72429ad725c67503f13ba30bd", size = 137431, upload-time = "2025-09-02T15:23:11.018Z" }
wheels = [
    { url = "https://files.pythonhosted.org/packages/a4/8e/469e5a4a2f5855992e425f3cb33804cc07bf18d48f2db061aec61ce50270/more_itertools-10.8.0-py3-none-any.whl", hash = "sha256:52d4362373dcf7c52546bc4af9a86ee7c4579df9a8dc268be0a2f949d376cc9b", size = 69667, upload-time = "2025-09-02T15:23:09.635Z" },
]

[[package]]
name = "polars"
version = "1.36.1"
source = { registry = "https://pypi.org/simple" }
dependencies = [
    { name = "polars-runtime-32" },
]
sdist = { url = "https://files.pythonhosted.org/packages/9f/dc/56f2a90c79a2cb13f9e956eab6385effe54216ae7a2068b3a6406bae4345/polars-1.36.1.tar.gz", hash = "sha256:12c7616a2305559144711ab73eaa18814f7aa898c522e7645014b68f1432d54c", size = 711993, upload-time = "2025-12-10T01:14:53.033Z" }
wheels = [
    { url = "https://files.pythonhosted.org/packages/f6/c6/36a1b874036b49893ecae0ac44a2f63d1a76e6212631a5b2f50a86e0e8af/polars-1.36.1-py3-none-any.whl", hash = "sha256:853c1bbb237add6a5f6d133c15094a9b727d66dd6a4eb91dbb07cdb056b2b8ef", size = 802429, upload-time = "2025-12-10T01:13:53.838Z" },
]

[[package]]
name = "polars-runtime-32"
version = "1.36.1"
source = { registry = "https://pypi.org/simple" }
sdist = { url = "https://files.pythonhosted.org/packages/31/df/597c0ef5eb8d761a16d72327846599b57c5d40d7f9e74306fc154aba8c37/polars_runtime_32-1.36.1.tar.gz", hash = "sha256:201c2cfd80ceb5d5cd7b63085b5fd08d6ae6554f922bcb941035e39638528a09", size = 2788751, upload-time = "2025-12-10T01:14:54.172Z" }
wheels = [
    { url = "https://files.pythonhosted.org/packages/e1/ea/871129a2d296966c0925b078a9a93c6c5e7facb1c5eebfcd3d5811aeddc1/polars_runtime_32-1.36.1-cp39-abi3-macosx_10_12_x86_64.whl", hash = "sha256:327b621ca82594f277751f7e23d4b939ebd1be18d54b4cdf7a2f8406cecc18b2", size = 43494311, upload-time = "2025-12-10T01:13:56.096Z" },
    { url = "https://files.pythonhosted.org/packages/d8/76/0038210ad1e526ce5bb2933b13760d6b986b3045eccc1338e661bd656f77/polars_runtime_32-1.36.1-cp39-abi3-macosx_11_0_arm64.whl", hash = "sha256:ab0d1f23084afee2b97de8c37aa3e02ec3569749ae39571bd89e7a8b11ae9e83", size = 39300602, upload-time = "2025-12-10T01:13:59.366Z" },
    { url = "https://files.pythonhosted.org/packages/54/1e/2707bee75a780a953a77a2c59829ee90ef55708f02fc4add761c579bf76e/polars_runtime_32-1.36.1-cp39-abi3-manylinux_2_17_x86_64.manylinux2014_x86_64.whl", hash = "sha256:899b9ad2e47ceb31eb157f27a09dbc2047efbf4969a923a6b1ba7f0412c3e64c", size = 44511780, upload-time = "2025-12-10T01:14:02.285Z" },
    { url = "https://files.pythonhosted.org/packages/11/b2/3fede95feee441be64b4bcb32444679a8fbb7a453a10251583053f6efe52/polars_runtime_32-1.36.1-cp39-abi3-manylinux_2_24_aarch64.whl", hash = "sha256:d9d077bb9df711bc635a86540df48242bb91975b353e53ef261c6fae6cb0948f", size = 40688448, upload-time = "2025-12-10T01:14:05.131Z" },
    { url = "https://files.pythonhosted.org/packages/05/0f/e629713a72999939b7b4bfdbf030a32794db588b04fdf3dc977dd8ea6c53/polars_runtime_32-1.36.1-cp39-abi3-win_amd64.whl", hash = "sha256:cc17101f28c9a169ff8b5b8d4977a3683cd403621841623825525f440b564cf0", size = 44464898, upload-time = "2025-12-10T01:14:08.296Z" },
    { url = "https://files.pythonhosted.org/packages/d1/d8/a12e6aa14f63784cead437083319ec7cece0d5bb9a5bfe7678cc6578b52a/polars_runtime_32-1.36.1-cp39-abi3-win_arm64.whl", hash = "sha256:809e73857be71250141225ddd5d2b30c97e6340aeaa0d445f930e01bef6888dc", size = 39798896, upload-time = "2025-12-10T01:14:11.568Z" },
]

[[package]]
name = "pygments"
version = "2.19.2"
source = { registry = "https://pypi.org/simple" }
sdist = { url = "https://files.pythonhosted.org/packages/b0/77/a5b8c569bf593b0140bde72ea885a803b82086995367bf2037de0159d924/pygments-2.19.2.tar.gz", hash = "sha256:636cb2477cec7f8952536970bc533bc43743542f70392ae026374600add5b887", size = 4968631, upload-time = "2025-06-21T13:39:12.283Z" }
wheels = [
    { url = "https://files.pythonhosted.org/packages/c7/21/705964c7812476f378728bdf590ca4b771ec72385c533964653c68e86bdc/pygments-2.19.2-py3-none-any.whl", hash = "sha256:86540386c03d588bb81d44bc3928634ff26449851e99741617ecb9037ee5ec0b", size = 1225217, upload-time = "2025-06-21T13:39:07.939Z" },
]

[[package]]
name = "pyochain"
version = "0.6.1.0"
source = { registry = "https://pypi.org/simple" }
dependencies = [
    { name = "cytoolz" },
    { name = "more-itertools" },
]
sdist = { url = "https://files.pythonhosted.org/packages/e2/5a/f864cc2ab7fabe3b49221ec4de388d371bf3777c5201718fc3acc87696c3/pyochain-0.6.1.0.tar.gz", hash = "sha256:ea455789081ac4a9d269d9bac9fc5aba4b0bddbd544ebd2ab2fd1855734d5292", size = 42395, upload-time = "2025-12-24T15:09:59.365Z" }
wheels = [
    { url = "https://files.pythonhosted.org/packages/5e/7e/da4e2966f6bd2ac434904e5a08f399056b083728a467a1f67d71d9d68ed3/pyochain-0.6.1.0-py3-none-any.whl", hash = "sha256:7a8656a84d1ece355688243ab66796ac98c8504bd04a58af2cfd19490e1ee3a1", size = 50805, upload-time = "2025-12-24T15:10:00.097Z" },
]

[[package]]
name = "pyperclip"
version = "1.11.0"
source = { registry = "https://pypi.org/simple" }
sdist = { url = "https://files.pythonhosted.org/packages/e8/52/d87eba7cb129b81563019d1679026e7a112ef76855d6159d24754dbd2a51/pyperclip-1.11.0.tar.gz", hash = "sha256:244035963e4428530d9e3a6101a1ef97209c6825edab1567beac148ccc1db1b6", size = 12185, upload-time = "2025-09-26T14:40:37.245Z" }
wheels = [
    { url = "https://files.pythonhosted.org/packages/df/80/fc9d01d5ed37ba4c42ca2b55b4339ae6e200b456be3a1aaddf4a9fa99b8c/pyperclip-1.11.0-py3-none-any.whl", hash = "sha256:299403e9ff44581cb9ba2ffeed69c7aa96a008622ad0c46cb575ca75b5b84273", size = 11063, upload-time = "2025-09-26T14:40:36.069Z" },
]

[[package]]
name = "rich"
version = "14.2.0"
source = { registry = "https://pypi.org/simple" }
dependencies = [
    { name = "markdown-it-py" },
    { name = "pygments" },
]
sdist = { url = "https://files.pythonhosted.org/packages/fb/d2/8920e102050a0de7bfabeb4c4614a49248cf8d5d7a8d01885fbb24dc767a/rich-14.2.0.tar.gz", hash = "sha256:73ff50c7c0c1c77c8243079283f4edb376f0f6442433aecb8ce7e6d0b92d1fe4", size = 219990, upload-time = "2025-10-09T14:16:53.064Z" }
wheels = [
    { url = "https://files.pythonhosted.org/packages/25/7a/b0178788f8dc6cafce37a212c99565fa1fe7872c70c6c9c1e1a372d9d88f/rich-14.2.0-py3-none-any.whl", hash = "sha256:76bc51fe2e57d2b1be1f96c524b890b816e334ab4c1e45888799bfaab0021edd", size = 243393, upload-time = "2025-10-09T14:16:51.245Z" },
]

[[package]]
name = "ruff"
version = "0.14.9"
source = { registry = "https://pypi.org/simple" }
sdist = { url = "https://files.pythonhosted.org/packages/f6/1b/ab712a9d5044435be8e9a2beb17cbfa4c241aa9b5e4413febac2a8b79ef2/ruff-0.14.9.tar.gz", hash = "sha256:35f85b25dd586381c0cc053f48826109384c81c00ad7ef1bd977bfcc28119d5b", size = 5809165, upload-time = "2025-12-11T21:39:47.381Z" }
wheels = [
    { url = "https://files.pythonhosted.org/packages/b8/1c/d1b1bba22cffec02351c78ab9ed4f7d7391876e12720298448b29b7229c1/ruff-0.14.9-py3-none-linux_armv6l.whl", hash = "sha256:f1ec5de1ce150ca6e43691f4a9ef5c04574ad9ca35c8b3b0e18877314aba7e75", size = 13576541, upload-time = "2025-12-11T21:39:14.806Z" },
    { url = "https://files.pythonhosted.org/packages/94/ab/ffe580e6ea1fca67f6337b0af59fc7e683344a43642d2d55d251ff83ceae/ruff-0.14.9-py3-none-macosx_10_12_x86_64.whl", hash = "sha256:ed9d7417a299fc6030b4f26333bf1117ed82a61ea91238558c0268c14e00d0c2", size = 13779363, upload-time = "2025-12-11T21:39:20.29Z" },
    { url = "https://files.pythonhosted.org/packages/7d/f8/2be49047f929d6965401855461e697ab185e1a6a683d914c5c19c7962d9e/ruff-0.14.9-py3-none-macosx_11_0_arm64.whl", hash = "sha256:d5dc3473c3f0e4a1008d0ef1d75cee24a48e254c8bed3a7afdd2b4392657ed2c", size = 12925292, upload-time = "2025-12-11T21:39:38.757Z" },
    { url = "https://files.pythonhosted.org/packages/9e/e9/08840ff5127916bb989c86f18924fd568938b06f58b60e206176f327c0fe/ruff-0.14.9-py3-none-manylinux_2_17_aarch64.manylinux2014_aarch64.whl", hash = "sha256:84bf7c698fc8f3cb8278830fb6b5a47f9bcc1ed8cb4f689b9dd02698fa840697", size = 13362894, upload-time = "2025-12-11T21:39:02.524Z" },
    { url = "https://files.pythonhosted.org/packages/31/1c/5b4e8e7750613ef43390bb58658eaf1d862c0cc3352d139cd718a2cea164/ruff-0.14.9-py3-none-manylinux_2_17_armv7l.manylinux2014_armv7l.whl", hash = "sha256:aa733093d1f9d88a5d98988d8834ef5d6f9828d03743bf5e338bf980a19fce27", size = 13311482, upload-time = "2025-12-11T21:39:17.51Z" },
    { url = "https://files.pythonhosted.org/packages/5b/3a/459dce7a8cb35ba1ea3e9c88f19077667a7977234f3b5ab197fad240b404/ruff-0.14.9-py3-none-manylinux_2_17_i686.manylinux2014_i686.whl", hash = "sha256:6a1cfb04eda979b20c8c19550c8b5f498df64ff8da151283311ce3199e8b3648", size = 14016100, upload-time = "2025-12-11T21:39:41.948Z" },
    { url = "https://files.pythonhosted.org/packages/a6/31/f064f4ec32524f9956a0890fc6a944e5cf06c63c554e39957d208c0ffc45/ruff-0.14.9-py3-none-manylinux_2_17_ppc64.manylinux2014_ppc64.whl", hash = "sha256:1e5cb521e5ccf0008bd74d5595a4580313844a42b9103b7388eca5a12c970743", size = 15477729, upload-time = "2025-12-11T21:39:23.279Z" },
    { url = "https://files.pythonhosted.org/packages/7a/6d/f364252aad36ccd443494bc5f02e41bf677f964b58902a17c0b16c53d890/ruff-0.14.9-py3-none-manylinux_2_17_ppc64le.manylinux2014_ppc64le.whl", hash = "sha256:cd429a8926be6bba4befa8cdcf3f4dd2591c413ea5066b1e99155ed245ae42bb", size = 15122386, upload-time = "2025-12-11T21:39:33.125Z" },
    { url = "https://files.pythonhosted.org/packages/20/02/e848787912d16209aba2799a4d5a1775660b6a3d0ab3944a4ccc13e64a02/ruff-0.14.9-py3-none-manylinux_2_17_s390x.manylinux2014_s390x.whl", hash = "sha256:ab208c1b7a492e37caeaf290b1378148f75e13c2225af5d44628b95fd7834273", size = 14497124, upload-time = "2025-12-11T21:38:59.33Z" },
    { url = "https://files.pythonhosted.org/packages/f3/51/0489a6a5595b7760b5dbac0dd82852b510326e7d88d51dbffcd2e07e3ff3/ruff-0.14.9-py3-none-manylinux_2_17_x86_64.manylinux2014_x86_64.whl", hash = "sha256:72034534e5b11e8a593f517b2f2f2b273eb68a30978c6a2d40473ad0aaa4cb4a", size = 14195343, upload-time = "2025-12-11T21:39:44.866Z" },
    { url = "https://files.pythonhosted.org/packages/f6/53/3bb8d2fa73e4c2f80acc65213ee0830fa0c49c6479313f7a68a00f39e208/ruff-0.14.9-py3-none-manylinux_2_31_riscv64.whl", hash = "sha256:712ff04f44663f1b90a1195f51525836e3413c8a773574a7b7775554269c30ed", size = 14346425, upload-time = "2025-12-11T21:39:05.927Z" },
    { url = "https://files.pythonhosted.org/packages/ad/04/bdb1d0ab876372da3e983896481760867fc84f969c5c09d428e8f01b557f/ruff-0.14.9-py3-none-musllinux_1_2_aarch64.whl", hash = "sha256:a111fee1db6f1d5d5810245295527cda1d367c5aa8f42e0fca9a78ede9b4498b", size = 13258768, upload-time = "2025-12-11T21:39:08.691Z" },
    { url = "https://files.pythonhosted.org/packages/40/d9/8bf8e1e41a311afd2abc8ad12be1b6c6c8b925506d9069b67bb5e9a04af3/ruff-0.14.9-py3-none-musllinux_1_2_armv7l.whl", hash = "sha256:8769efc71558fecc25eb295ddec7d1030d41a51e9dcf127cbd63ec517f22d567", size = 13326939, upload-time = "2025-12-11T21:39:53.842Z" },
    { url = "https://files.pythonhosted.org/packages/f4/56/a213fa9edb6dd849f1cfbc236206ead10913693c72a67fb7ddc1833bf95d/ruff-0.14.9-py3-none-musllinux_1_2_i686.whl", hash = "sha256:347e3bf16197e8a2de17940cd75fd6491e25c0aa7edf7d61aa03f146a1aa885a", size = 13578888, upload-time = "2025-12-11T21:39:35.988Z" },
    { url = "https://files.pythonhosted.org/packages/33/09/6a4a67ffa4abae6bf44c972a4521337ffce9cbc7808faadede754ef7a79c/ruff-0.14.9-py3-none-musllinux_1_2_x86_64.whl", hash = "sha256:7715d14e5bccf5b660f54516558aa94781d3eb0838f8e706fb60e3ff6eff03a8", size = 14314473, upload-time = "2025-12-11T21:39:50.78Z" },
    { url = "https://files.pythonhosted.org/packages/12/0d/15cc82da5d83f27a3c6b04f3a232d61bc8c50d38a6cd8da79228e5f8b8d6/ruff-0.14.9-py3-none-win32.whl", hash = "sha256:df0937f30aaabe83da172adaf8937003ff28172f59ca9f17883b4213783df197", size = 13202651, upload-time = "2025-12-11T21:39:26.628Z" },
    { url = "https://files.pythonhosted.org/packages/32/f7/c78b060388eefe0304d9d42e68fab8cffd049128ec466456cef9b8d4f06f/ruff-0.14.9-py3-none-win_amd64.whl", hash = "sha256:c0b53a10e61df15a42ed711ec0bda0c582039cf6c754c49c020084c55b5b0bc2", size = 14702079, upload-time = "2025-12-11T21:39:11.954Z" },
    { url = "https://files.pythonhosted.org/packages/26/09/7a9520315decd2334afa65ed258fed438f070e31f05a2e43dd480a5e5911/ruff-0.14.9-py3-none-win_arm64.whl", hash = "sha256:8e821c366517a074046d92f0e9213ed1c13dbc5b37a7fc20b07f79b64d62cc84", size = 13744730, upload-time = "2025-12-11T21:39:29.659Z" },
]

[[package]]
name = "shellingham"
version = "1.5.4"
source = { registry = "https://pypi.org/simple" }
sdist = { url = "https://files.pythonhosted.org/packages/58/15/8b3609fd3830ef7b27b655beb4b4e9c62313a4e8da8c676e142cc210d58e/shellingham-1.5.4.tar.gz", hash = "sha256:8dbca0739d487e5bd35ab3ca4b36e11c4078f3a234bfce294b0a0291363404de", size = 10310, upload-time = "2023-10-24T04:13:40.426Z" }
wheels = [
    { url = "https://files.pythonhosted.org/packages/e0/f9/0595336914c5619e5f28a1fb793285925a8cd4b432c9da0a987836c7f822/shellingham-1.5.4-py2.py3-none-any.whl", hash = "sha256:7ecfff8f2fd72616f7481040475a65b2bf8af90a56c89140852d1120324e8686", size = 9755, upload-time = "2023-10-24T04:13:38.866Z" },
]

[[package]]
name = "toolz"
version = "1.1.0"
source = { registry = "https://pypi.org/simple" }
sdist = { url = "https://files.pythonhosted.org/packages/11/d6/114b492226588d6ff54579d95847662fc69196bdeec318eb45393b24c192/toolz-1.1.0.tar.gz", hash = "sha256:27a5c770d068c110d9ed9323f24f1543e83b2f300a687b7891c1a6d56b697b5b", size = 52613, upload-time = "2025-10-17T04:03:21.661Z" }
wheels = [
    { url = "https://files.pythonhosted.org/packages/fb/12/5911ae3eeec47800503a238d971e51722ccea5feb8569b735184d5fcdbc0/toolz-1.1.0-py3-none-any.whl", hash = "sha256:15ccc861ac51c53696de0a5d6d4607f99c210739caf987b5d2054f3efed429d8", size = 58093, upload-time = "2025-10-17T04:03:20.435Z" },
]

[[package]]
name = "typer"
version = "0.20.1"
source = { registry = "https://pypi.org/simple" }
dependencies = [
    { name = "click" },
    { name = "rich" },
    { name = "shellingham" },
    { name = "typing-extensions" },
]
sdist = { url = "https://files.pythonhosted.org/packages/6d/c1/933d30fd7a123ed981e2a1eedafceab63cb379db0402e438a13bc51bbb15/typer-0.20.1.tar.gz", hash = "sha256:68585eb1b01203689c4199bc440d6be616f0851e9f0eb41e4a778845c5a0fd5b", size = 105968, upload-time = "2025-12-19T16:48:56.302Z" }
wheels = [
    { url = "https://files.pythonhosted.org/packages/c8/52/1f2df7e7d1be3d65ddc2936d820d4a3d9777a54f4204f5ca46b8513eff77/typer-0.20.1-py3-none-any.whl", hash = "sha256:4b3bde918a67c8e03d861aa02deca90a95bbac572e71b1b9be56ff49affdb5a8", size = 47381, upload-time = "2025-12-19T16:48:53.679Z" },
]

[[package]]
name = "typing-extensions"
version = "4.15.0"
source = { registry = "https://pypi.org/simple" }
sdist = { url = "https://files.pythonhosted.org/packages/72/94/1a15dd82efb362ac84269196e94cf00f187f7ed21c242792a923cdb1c61f/typing_extensions-4.15.0.tar.gz", hash = "sha256:0cea48d173cc12fa28ecabc3b837ea3cf6f38c6d1136f85cbaaf598984861466", size = 109391, upload-time = "2025-08-25T13:49:26.313Z" }
wheels = [
    { url = "https://files.pythonhosted.org/packages/18/67/36e9267722cc04a6b9f15c7f3441c2363321a3ea07da7ae0c0707beb2a9c/typing_extensions-4.15.0-py3-none-any.whl", hash = "sha256:f0fa19c6845758ab08074a0cfa8b7aecb71c999ca73d62883bc25cc018c4e548", size = 44614, upload-time = "2025-08-25T13:49:24.86Z" },
]

[[package]]
name = "wh3"
version = "0.1.0"
source = { editable = "." }
dependencies = [
    { name = "polars" },
    { name = "pyochain" },
    { name = "pyperclip" },
    { name = "rich" },
    { name = "ruff" },
    { name = "typer" },
]

[package.metadata]
requires-dist = [
    { name = "polars", specifier = ">=1.36.1" },
    { name = "pyochain", specifier = ">=0.6.1.0" },
    { name = "pyperclip", specifier = ">=1.9.0" },
    { name = "rich", specifier = ">=14.2.0" },
    { name = "ruff", specifier = ">=0.14.9" },
    { name = "typer", specifier = ">=0.12.0" },
]
